
Microsoft Visual Studio Solution File, Format Version 12.00
# Visual Studio Version 16
VisualStudioVersion = 16.0.31613.86
MinimumVisualStudioVersion = 10.0.40219.1
Project("{FAE04EC0-301F-11D3-BF4B-00C04F79EFBC}") = "Lab_12", "Lab_12\Lab_12.csproj", "{07432993-AD9C-4874-BCCE-EF8486BB2443}"
EndProject
Global
	GlobalSection(SolutionConfigurationPlatforms) = preSolution
		Debug|Any CPU = Debug|Any CPU
		Release|Any CPU = Release|Any CPU
	EndGlobalSection
	GlobalSection(ProjectConfigurationPlatforms) = postSolution
		{07432993-AD9C-4874-BCCE-EF8486BB2443}.Debug|Any CPU.ActiveCfg = Debug|Any CPU
		{07432993-AD9C-4874-BCCE-EF8486BB2443}.Debug|Any CPU.Build.0 = Debug|Any CPU
		{07432993-AD9C-4874-BCCE-EF8486BB2443}.Release|Any CPU.ActiveCfg = Release|Any CPU
		{07432993-AD9C-4874-BCCE-EF8486BB2443}.Release|Any CPU.Build.0 = Release|Any CPU
	EndGlobalSection
	GlobalSection(SolutionProperties) = preSolution
		HideSolutionNode = FALSE
	EndGlobalSection
	GlobalSection(ExtensibilityGlobals) = postSolution
		SolutionGuid = {63508060-9150-493C-9C62-6BF352DB08C6}
	EndGlobalSection
EndGlobal
